
Microsoft Visual Studio Solution File, Format Version 12.00
# Visual Studio Version 17
VisualStudioVersion = 17.14.36127.28 d17.14
MinimumVisualStudioVersion = 10.0.40219.1
Project("{FAE04EC0-301F-11D3-BF4B-00C04F79EFBC}") = "RazorPagesMovie", "RazorPagesMovie.csproj", "{FD0DCE90-2F8A-4954-8E89-160B42797447}"
EndProject
Global
	GlobalSection(SolutionConfigurationPlatforms) = preSolution
		Debug|Any CPU = Debug|Any CPU
		Release|Any CPU = Release|Any CPU
	EndGlobalSection
	GlobalSection(ProjectConfigurationPlatforms) = postSolution
		{FD0DCE90-2F8A-4954-8E89-160B42797447}.Debug|Any CPU.ActiveCfg = Debug|Any CPU
		{FD0DCE90-2F8A-4954-8E89-160B42797447}.Debug|Any CPU.Build.0 = Debug|Any CPU
		{FD0DCE90-2F8A-4954-8E89-160B42797447}.Release|Any CPU.ActiveCfg = Release|Any CPU
		{FD0DCE90-2F8A-4954-8E89-160B42797447}.Release|Any CPU.Build.0 = Release|Any CPU
	EndGlobalSection
	GlobalSection(SolutionProperties) = preSolution
		HideSolutionNode = FALSE
	EndGlobalSection
	GlobalSection(ExtensibilityGlobals) = postSolution
		SolutionGuid = {EEA512C8-74BB-4AEF-9374-79D3E1677995}
	EndGlobalSection
EndGlobal
